# THIS IS AN AUTOGENERATED FILE. DO NOT EDIT THIS FILE DIRECTLY.
# yarn lockfile v1


"@vuepress/plugin-active-header-links@^1.0.0-alpha.47":
  version "1.0.0-alpha.47"
  resolved "https://registry.yarnpkg.com/@vuepress/plugin-active-header-links/-/plugin-active-header-links-1.0.0-alpha.47.tgz#7e4e0e03c47d632e98e2d71a3e132722f40f34be"
  dependencies:
    lodash.throttle "^4.1.1"

"@vuepress/plugin-medium-zoom@^1.0.0-alpha.47":
  version "1.0.0-alpha.47"
  resolved "https://registry.yarnpkg.com/@vuepress/plugin-medium-zoom/-/plugin-medium-zoom-1.0.0-alpha.47.tgz#3616241a405df99960f8b329598c9bf399d8a0c2"
  dependencies:
    medium-zoom "^0.4.0"

"@vuepress/plugin-nprogress@^1.0.0-alpha.47":
  version "1.0.0-alpha.47"
  resolved "https://registry.yarnpkg.com/@vuepress/plugin-nprogress/-/plugin-nprogress-1.0.0-alpha.47.tgz#e0ad9cfac1d86b168a720045e3e96a01fe9f5190"
  dependencies:
    nprogress "^0.2.0"

lodash.throttle@^4.1.1:
  version "4.1.1"
  resolved "https://registry.yarnpkg.com/lodash.throttle/-/lodash.throttle-4.1.1.tgz#c23e91b710242ac70c37f1e1cda9274cc39bf2f4"

medium-zoom@^0.4.0:
  version "0.4.0"
  resolved "https://registry.yarnpkg.com/medium-zoom/-/medium-zoom-0.4.0.tgz#8e13c9b754903c0c903220611af0d3cd373a4222"

nprogress@^0.2.0:
  version "0.2.0"
  resolved "https://registry.yarnpkg.com/nprogress/-/nprogress-0.2.0.tgz#cb8f34c53213d895723fcbab907e9422adbcafb1"
